// !$*UTF8*$!
{
	archiveVersion = 1;
	classes = {
	};
	objectVersion = 56;
	objects = {

/* Begin PBXBuildFile section */
		CE48201A2CE541FF0066A54C /* ImageCache.swift in Sources */ = {isa = PBXBuildFile; fileRef = CE4820192CE541FF0066A54C /* ImageCache.swift */; };
		CE48201D2CE545D90066A54C /* ImageLoader.swift in Sources */ = {isa = PBXBuildFile; fileRef = CE48201C2CE545D90066A54C /* ImageLoader.swift */; };
		CE48201F2CE547370066A54C /* CachedAsyncImage.swift in Sources */ = {isa = PBXBuildFile; fileRef = CE48201E2CE547370066A54C /* CachedAsyncImage.swift */; };
		CE4820212CE54AC90066A54C /* RecipeCellView.swift in Sources */ = {isa = PBXBuildFile; fileRef = CE4820202CE54AC80066A54C /* RecipeCellView.swift */; };
		CE67E7732CE3EA9700E20555 /* FetchTakeHomeProjApp.swift in Sources */ = {isa = PBXBuildFile; fileRef = CE67E7722CE3EA9700E20555 /* FetchTakeHomeProjApp.swift */; };
		CE67E7752CE3EA9700E20555 /* ContentView.swift in Sources */ = {isa = PBXBuildFile; fileRef = CE67E7742CE3EA9700E20555 /* ContentView.swift */; };
		CE67E7772CE3EA9900E20555 /* Assets.xcassets in Resources */ = {isa = PBXBuildFile; fileRef = CE67E7762CE3EA9900E20555 /* Assets.xcassets */; };
		CE67E77A2CE3EA9900E20555 /* Preview Assets.xcassets in Resources */ = {isa = PBXBuildFile; fileRef = CE67E7792CE3EA9900E20555 /* Preview Assets.xcassets */; };
		CE67E7842CE3EA9A00E20555 /* FetchTakeHomeProjTests.swift in Sources */ = {isa = PBXBuildFile; fileRef = CE67E7832CE3EA9A00E20555 /* FetchTakeHomeProjTests.swift */; };
		CE67E78E2CE3EA9A00E20555 /* FetchTakeHomeProjUITests.swift in Sources */ = {isa = PBXBuildFile; fileRef = CE67E78D2CE3EA9A00E20555 /* FetchTakeHomeProjUITests.swift */; };
		CE67E7902CE3EA9A00E20555 /* FetchTakeHomeProjUITestsLaunchTests.swift in Sources */ = {isa = PBXBuildFile; fileRef = CE67E78F2CE3EA9A00E20555 /* FetchTakeHomeProjUITestsLaunchTests.swift */; };
		CE67E7A02CE3EB1F00E20555 /* APIService.swift in Sources */ = {isa = PBXBuildFile; fileRef = CE67E79F2CE3EB1F00E20555 /* APIService.swift */; };
		CE67E7A22CE3EC3900E20555 /* Recipes.swift in Sources */ = {isa = PBXBuildFile; fileRef = CE67E7A12CE3EC3900E20555 /* Recipes.swift */; };
		CE67E7A42CE3ED3D00E20555 /* RecipeViewModel.swift in Sources */ = {isa = PBXBuildFile; fileRef = CE67E7A32CE3ED3D00E20555 /* RecipeViewModel.swift */; };
		CEC928992CEE55800060EBA7 /* HeaderView.swift in Sources */ = {isa = PBXBuildFile; fileRef = CEC928982CEE55800060EBA7 /* HeaderView.swift */; };
		CEC9289B2CEE558C0060EBA7 /* FilterViewWrapper.swift in Sources */ = {isa = PBXBuildFile; fileRef = CEC9289A2CEE558C0060EBA7 /* FilterViewWrapper.swift */; };
		CEC9289D2CEE55960060EBA7 /* CategorySectionView.swift in Sources */ = {isa = PBXBuildFile; fileRef = CEC9289C2CEE55960060EBA7 /* CategorySectionView.swift */; };
		CEC9289F2CEE559E0060EBA7 /* SavedRecipesSectionView.swift in Sources */ = {isa = PBXBuildFile; fileRef = CEC9289E2CEE559E0060EBA7 /* SavedRecipesSectionView.swift */; };
		CEC928A12CEE55A90060EBA7 /* ContentListView.swift in Sources */ = {isa = PBXBuildFile; fileRef = CEC928A02CEE55A90060EBA7 /* ContentListView.swift */; };
		CECC884A2CEE2BDF00758075 /* FilterView.swift in Sources */ = {isa = PBXBuildFile; fileRef = CECC88492CEE2BDF00758075 /* FilterView.swift */; };
		CECC884C2CEE2F0700758075 /* RecipeRow.swift in Sources */ = {isa = PBXBuildFile; fileRef = CECC884B2CEE2F0600758075 /* RecipeRow.swift */; };
/* End PBXBuildFile section */

/* Begin PBXContainerItemProxy section */
		CE67E7802CE3EA9A00E20555 /* PBXContainerItemProxy */ = {
			isa = PBXContainerItemProxy;
			containerPortal = CE67E7672CE3EA9700E20555 /* Project object */;
			proxyType = 1;
			remoteGlobalIDString = CE67E76E2CE3EA9700E20555;
			remoteInfo = FetchTakeHomeProj;
		};
		CE67E78A2CE3EA9A00E20555 /* PBXContainerItemProxy */ = {
			isa = PBXContainerItemProxy;
			containerPortal = CE67E7672CE3EA9700E20555 /* Project object */;
			proxyType = 1;
			remoteGlobalIDString = CE67E76E2CE3EA9700E20555;
			remoteInfo = FetchTakeHomeProj;
		};
/* End PBXContainerItemProxy section */

/* Begin PBXFileReference section */
		CE4820192CE541FF0066A54C /* ImageCache.swift */ = {isa = PBXFileReference; lastKnownFileType = sourcecode.swift; path = ImageCache.swift; sourceTree = "<group>"; };
		CE48201C2CE545D90066A54C /* ImageLoader.swift */ = {isa = PBXFileReference; lastKnownFileType = sourcecode.swift; path = ImageLoader.swift; sourceTree = "<group>"; };
		CE48201E2CE547370066A54C /* CachedAsyncImage.swift */ = {isa = PBXFileReference; lastKnownFileType = sourcecode.swift; path = CachedAsyncImage.swift; sourceTree = "<group>"; };
		CE4820202CE54AC80066A54C /* RecipeCellView.swift */ = {isa = PBXFileReference; lastKnownFileType = sourcecode.swift; path = RecipeCellView.swift; sourceTree = "<group>"; };
		CE67E76F2CE3EA9700E20555 /* FetchTakeHomeProj.app */ = {isa = PBXFileReference; explicitFileType = wrapper.application; includeInIndex = 0; path = FetchTakeHomeProj.app; sourceTree = BUILT_PRODUCTS_DIR; };
		CE67E7722CE3EA9700E20555 /* FetchTakeHomeProjApp.swift */ = {isa = PBXFileReference; lastKnownFileType = sourcecode.swift; path = FetchTakeHomeProjApp.swift; sourceTree = "<group>"; };
		CE67E7742CE3EA9700E20555 /* ContentView.swift */ = {isa = PBXFileReference; lastKnownFileType = sourcecode.swift; path = ContentView.swift; sourceTree = "<group>"; };
		CE67E7762CE3EA9900E20555 /* Assets.xcassets */ = {isa = PBXFileReference; lastKnownFileType = folder.assetcatalog; path = Assets.xcassets; sourceTree = "<group>"; };
		CE67E7792CE3EA9900E20555 /* Preview Assets.xcassets */ = {isa = PBXFileReference; lastKnownFileType = folder.assetcatalog; path = "Preview Assets.xcassets"; sourceTree = "<group>"; };
		CE67E77F2CE3EA9A00E20555 /* FetchTakeHomeProjTests.xctest */ = {isa = PBXFileReference; explicitFileType = wrapper.cfbundle; includeInIndex = 0; path = FetchTakeHomeProjTests.xctest; sourceTree = BUILT_PRODUCTS_DIR; };
		CE67E7832CE3EA9A00E20555 /* FetchTakeHomeProjTests.swift */ = {isa = PBXFileReference; lastKnownFileType = sourcecode.swift; path = FetchTakeHomeProjTests.swift; sourceTree = "<group>"; };
		CE67E7892CE3EA9A00E20555 /* FetchTakeHomeProjUITests.xctest */ = {isa = PBXFileReference; explicitFileType = wrapper.cfbundle; includeInIndex = 0; path = FetchTakeHomeProjUITests.xctest; sourceTree = BUILT_PRODUCTS_DIR; };
		CE67E78D2CE3EA9A00E20555 /* FetchTakeHomeProjUITests.swift */ = {isa = PBXFileReference; lastKnownFileType = sourcecode.swift; path = FetchTakeHomeProjUITests.swift; sourceTree = "<group>"; };
		CE67E78F2CE3EA9A00E20555 /* FetchTakeHomeProjUITestsLaunchTests.swift */ = {isa = PBXFileReference; lastKnownFileType = sourcecode.swift; path = FetchTakeHomeProjUITestsLaunchTests.swift; sourceTree = "<group>"; };
		CE67E79F2CE3EB1F00E20555 /* APIService.swift */ = {isa = PBXFileReference; lastKnownFileType = sourcecode.swift; path = APIService.swift; sourceTree = "<group>"; };
		CE67E7A12CE3EC3900E20555 /* Recipes.swift */ = {isa = PBXFileReference; lastKnownFileType = sourcecode.swift; path = Recipes.swift; sourceTree = "<group>"; };
		CE67E7A32CE3ED3D00E20555 /* RecipeViewModel.swift */ = {isa = PBXFileReference; lastKnownFileType = sourcecode.swift; path = RecipeViewModel.swift; sourceTree = "<group>"; };
		CEC928982CEE55800060EBA7 /* HeaderView.swift */ = {isa = PBXFileReference; lastKnownFileType = sourcecode.swift; path = HeaderView.swift; sourceTree = "<group>"; };
		CEC9289A2CEE558C0060EBA7 /* FilterViewWrapper.swift */ = {isa = PBXFileReference; lastKnownFileType = sourcecode.swift; path = FilterViewWrapper.swift; sourceTree = "<group>"; };
		CEC9289C2CEE55960060EBA7 /* CategorySectionView.swift */ = {isa = PBXFileReference; lastKnownFileType = sourcecode.swift; path = CategorySectionView.swift; sourceTree = "<group>"; };
		CEC9289E2CEE559E0060EBA7 /* SavedRecipesSectionView.swift */ = {isa = PBXFileReference; lastKnownFileType = sourcecode.swift; path = SavedRecipesSectionView.swift; sourceTree = "<group>"; };
		CEC928A02CEE55A90060EBA7 /* ContentListView.swift */ = {isa = PBXFileReference; lastKnownFileType = sourcecode.swift; path = ContentListView.swift; sourceTree = "<group>"; };
		CECC88492CEE2BDF00758075 /* FilterView.swift */ = {isa = PBXFileReference; lastKnownFileType = sourcecode.swift; path = FilterView.swift; sourceTree = "<group>"; };
		CECC884B2CEE2F0600758075 /* RecipeRow.swift */ = {isa = PBXFileReference; lastKnownFileType = sourcecode.swift; path = RecipeRow.swift; sourceTree = "<group>"; };
/* End PBXFileReference section */

/* Begin PBXFrameworksBuildPhase section */
		CE67E76C2CE3EA9700E20555 /* Frameworks */ = {
			isa = PBXFrameworksBuildPhase;
			buildActionMask = 2147483647;
			files = (
			);
			runOnlyForDeploymentPostprocessing = 0;
		};
		CE67E77C2CE3EA9A00E20555 /* Frameworks */ = {
			isa = PBXFrameworksBuildPhase;
			buildActionMask = 2147483647;
			files = (
			);
			runOnlyForDeploymentPostprocessing = 0;
		};
		CE67E7862CE3EA9A00E20555 /* Frameworks */ = {
			isa = PBXFrameworksBuildPhase;
			buildActionMask = 2147483647;
			files = (
			);
			runOnlyForDeploymentPostprocessing = 0;
		};
/* End PBXFrameworksBuildPhase section */

/* Begin PBXGroup section */
		CE48201B2CE545C90066A54C /* ImageCache */ = {
			isa = PBXGroup;
			children = (
				CE4820192CE541FF0066A54C /* ImageCache.swift */,
				CE48201C2CE545D90066A54C /* ImageLoader.swift */,
				CE48201E2CE547370066A54C /* CachedAsyncImage.swift */,
			);
			path = ImageCache;
			sourceTree = "<group>";
		};
		CE67E7662CE3EA9700E20555 = {
			isa = PBXGroup;
			children = (
				CE67E7712CE3EA9700E20555 /* FetchTakeHomeProj */,
				CE67E7822CE3EA9A00E20555 /* FetchTakeHomeProjTests */,
				CE67E78C2CE3EA9A00E20555 /* FetchTakeHomeProjUITests */,
				CE67E7702CE3EA9700E20555 /* Products */,
			);
			sourceTree = "<group>";
		};
		CE67E7702CE3EA9700E20555 /* Products */ = {
			isa = PBXGroup;
			children = (
				CE67E76F2CE3EA9700E20555 /* FetchTakeHomeProj.app */,
				CE67E77F2CE3EA9A00E20555 /* FetchTakeHomeProjTests.xctest */,
				CE67E7892CE3EA9A00E20555 /* FetchTakeHomeProjUITests.xctest */,
			);
			name = Products;
			sourceTree = "<group>";
		};
		CE67E7712CE3EA9700E20555 /* FetchTakeHomeProj */ = {
			isa = PBXGroup;
			children = (
				CE67E7722CE3EA9700E20555 /* FetchTakeHomeProjApp.swift */,
				CE48201B2CE545C90066A54C /* ImageCache */,
				CE67E79E2CE3EADB00E20555 /* ViewModel */,
				CE67E79D2CE3EAD800E20555 /* Model */,
				CE67E79C2CE3EAD300E20555 /* View */,
				CE67E7762CE3EA9900E20555 /* Assets.xcassets */,
				CE67E7782CE3EA9900E20555 /* Preview Content */,
			);
			path = FetchTakeHomeProj;
			sourceTree = "<group>";
		};
		CE67E7782CE3EA9900E20555 /* Preview Content */ = {
			isa = PBXGroup;
			children = (
				CE67E7792CE3EA9900E20555 /* Preview Assets.xcassets */,
			);
			path = "Preview Content";
			sourceTree = "<group>";
		};
		CE67E7822CE3EA9A00E20555 /* FetchTakeHomeProjTests */ = {
			isa = PBXGroup;
			children = (
				CE67E7832CE3EA9A00E20555 /* FetchTakeHomeProjTests.swift */,
			);
			path = FetchTakeHomeProjTests;
			sourceTree = "<group>";
		};
		CE67E78C2CE3EA9A00E20555 /* FetchTakeHomeProjUITests */ = {
			isa = PBXGroup;
			children = (
				CE67E78D2CE3EA9A00E20555 /* FetchTakeHomeProjUITests.swift */,
				CE67E78F2CE3EA9A00E20555 /* FetchTakeHomeProjUITestsLaunchTests.swift */,
			);
			path = FetchTakeHomeProjUITests;
			sourceTree = "<group>";
		};
		CE67E79C2CE3EAD300E20555 /* View */ = {
			isa = PBXGroup;
			children = (
				CEC928A32CEE55BF0060EBA7 /* CoreView */,
				CE4820202CE54AC80066A54C /* RecipeCellView.swift */,
				CECC88492CEE2BDF00758075 /* FilterView.swift */,
				CECC884B2CEE2F0600758075 /* RecipeRow.swift */,
			);
			path = View;
			sourceTree = "<group>";
		};
		CE67E79D2CE3EAD800E20555 /* Model */ = {
			isa = PBXGroup;
			children = (
				CE67E7A12CE3EC3900E20555 /* Recipes.swift */,
			);
			path = Model;
			sourceTree = "<group>";
		};
		CE67E79E2CE3EADB00E20555 /* ViewModel */ = {
			isa = PBXGroup;
			children = (
				CE67E79F2CE3EB1F00E20555 /* APIService.swift */,
				CE67E7A32CE3ED3D00E20555 /* RecipeViewModel.swift */,
			);
			path = ViewModel;
			sourceTree = "<group>";
		};
		CEC928A32CEE55BF0060EBA7 /* CoreView */ = {
			isa = PBXGroup;
			children = (
				CEC9289C2CEE55960060EBA7 /* CategorySectionView.swift */,
				CE67E7742CE3EA9700E20555 /* ContentView.swift */,
				CEC928A02CEE55A90060EBA7 /* ContentListView.swift */,
				CEC9289A2CEE558C0060EBA7 /* FilterViewWrapper.swift */,
				CEC928982CEE55800060EBA7 /* HeaderView.swift */,
				CEC9289E2CEE559E0060EBA7 /* SavedRecipesSectionView.swift */,
			);
			path = CoreView;
			sourceTree = "<group>";
		};
/* End PBXGroup section */

/* Begin PBXNativeTarget section */
		CE67E76E2CE3EA9700E20555 /* FetchTakeHomeProj */ = {
			isa = PBXNativeTarget;
			buildConfigurationList = CE67E7932CE3EA9A00E20555 /* Build configuration list for PBXNativeTarget "FetchTakeHomeProj" */;
			buildPhases = (
				CE67E76B2CE3EA9700E20555 /* Sources */,
				CE67E76C2CE3EA9700E20555 /* Frameworks */,
				CE67E76D2CE3EA9700E20555 /* Resources */,
			);
			buildRules = (
			);
			dependencies = (
			);
			name = FetchTakeHomeProj;
			productName = FetchTakeHomeProj;
			productReference = CE67E76F2CE3EA9700E20555 /* FetchTakeHomeProj.app */;
			productType = "com.apple.product-type.application";
		};
		CE67E77E2CE3EA9A00E20555 /* FetchTakeHomeProjTests */ = {
			isa = PBXNativeTarget;
			buildConfigurationList = CE67E7962CE3EA9A00E20555 /* Build configuration list for PBXNativeTarget "FetchTakeHomeProjTests" */;
			buildPhases = (
				CE67E77B2CE3EA9A00E20555 /* Sources */,
				CE67E77C2CE3EA9A00E20555 /* Frameworks */,
				CE67E77D2CE3EA9A00E20555 /* Resources */,
			);
			buildRules = (
			);
			dependencies = (
				CE67E7812CE3EA9A00E20555 /* PBXTargetDependency */,
			);
			name = FetchTakeHomeProjTests;
			productName = FetchTakeHomeProjTests;
			productReference = CE67E77F2CE3EA9A00E20555 /* FetchTakeHomeProjTests.xctest */;
			productType = "com.apple.product-type.bundle.unit-test";
		};
		CE67E7882CE3EA9A00E20555 /* FetchTakeHomeProjUITests */ = {
			isa = PBXNativeTarget;
			buildConfigurationList = CE67E7992CE3EA9A00E20555 /* Build configuration list for PBXNativeTarget "FetchTakeHomeProjUITests" */;
			buildPhases = (
				CE67E7852CE3EA9A00E20555 /* Sources */,
				CE67E7862CE3EA9A00E20555 /* Frameworks */,
				CE67E7872CE3EA9A00E20555 /* Resources */,
			);
			buildRules = (
			);
			dependencies = (
				CE67E78B2CE3EA9A00E20555 /* PBXTargetDependency */,
			);
			name = FetchTakeHomeProjUITests;
			productName = FetchTakeHomeProjUITests;
			productReference = CE67E7892CE3EA9A00E20555 /* FetchTakeHomeProjUITests.xctest */;
			productType = "com.apple.product-type.bundle.ui-testing";
		};
/* End PBXNativeTarget section */

/* Begin PBXProject section */
		CE67E7672CE3EA9700E20555 /* Project object */ = {
			isa = PBXProject;
			attributes = {
				BuildIndependentTargetsInParallel = 1;
				LastSwiftUpdateCheck = 1540;
				LastUpgradeCheck = 1540;
				TargetAttributes = {
					CE67E76E2CE3EA9700E20555 = {
						CreatedOnToolsVersion = 15.4;
					};
					CE67E77E2CE3EA9A00E20555 = {
						CreatedOnToolsVersion = 15.4;
						TestTargetID = CE67E76E2CE3EA9700E20555;
					};
					CE67E7882CE3EA9A00E20555 = {
						CreatedOnToolsVersion = 15.4;
						TestTargetID = CE67E76E2CE3EA9700E20555;
					};
				};
			};
			buildConfigurationList = CE67E76A2CE3EA9700E20555 /* Build configuration list for PBXProject "FetchTakeHomeProj" */;
			compatibilityVersion = "Xcode 14.0";
			developmentRegion = en;
			hasScannedForEncodings = 0;
			knownRegions = (
				en,
				Base,
			);
			mainGroup = CE67E7662CE3EA9700E20555;
			productRefGroup = CE67E7702CE3EA9700E20555 /* Products */;
			projectDirPath = "";
			projectRoot = "";
			targets = (
				CE67E76E2CE3EA9700E20555 /* FetchTakeHomeProj */,
				CE67E77E2CE3EA9A00E20555 /* FetchTakeHomeProjTests */,
				CE67E7882CE3EA9A00E20555 /* FetchTakeHomeProjUITests */,
			);
		};
/* End PBXProject section */

/* Begin PBXResourcesBuildPhase section */
		CE67E76D2CE3EA9700E20555 /* Resources */ = {
			isa = PBXResourcesBuildPhase;
			buildActionMask = 2147483647;
			files = (
				CE67E77A2CE3EA9900E20555 /* Preview Assets.xcassets in Resources */,
				CE67E7772CE3EA9900E20555 /* Assets.xcassets in Resources */,
			);
			runOnlyForDeploymentPostprocessing = 0;
		};
		CE67E77D2CE3EA9A00E20555 /* Resources */ = {
			isa = PBXResourcesBuildPhase;
			buildActionMask = 2147483647;
			files = (
			);
			runOnlyForDeploymentPostprocessing = 0;
		};
		CE67E7872CE3EA9A00E20555 /* Resources */ = {
			isa = PBXResourcesBuildPhase;
			buildActionMask = 2147483647;
			files = (
			);
			runOnlyForDeploymentPostprocessing = 0;
		};
/* End PBXResourcesBuildPhase section */

/* Begin PBXSourcesBuildPhase section */
		CE67E76B2CE3EA9700E20555 /* Sources */ = {
			isa = PBXSourcesBuildPhase;
			buildActionMask = 2147483647;
			files = (
				CE4820212CE54AC90066A54C /* RecipeCellView.swift in Sources */,
				CE48201D2CE545D90066A54C /* ImageLoader.swift in Sources */,
				CEC928A12CEE55A90060EBA7 /* ContentListView.swift in Sources */,
				CE48201A2CE541FF0066A54C /* ImageCache.swift in Sources */,
				CECC884C2CEE2F0700758075 /* RecipeRow.swift in Sources */,
				CE48201F2CE547370066A54C /* CachedAsyncImage.swift in Sources */,
				CE67E7752CE3EA9700E20555 /* ContentView.swift in Sources */,
				CEC9289B2CEE558C0060EBA7 /* FilterViewWrapper.swift in Sources */,
				CE67E7732CE3EA9700E20555 /* FetchTakeHomeProjApp.swift in Sources */,
				CEC928992CEE55800060EBA7 /* HeaderView.swift in Sources */,
				CE67E7A02CE3EB1F00E20555 /* APIService.swift in Sources */,
				CE67E7A42CE3ED3D00E20555 /* RecipeViewModel.swift in Sources */,
				CECC884A2CEE2BDF00758075 /* FilterView.swift in Sources */,
				CEC9289D2CEE55960060EBA7 /* CategorySectionView.swift in Sources */,
				CEC9289F2CEE559E0060EBA7 /* SavedRecipesSectionView.swift in Sources */,
				CE67E7A22CE3EC3900E20555 /* Recipes.swift in Sources */,
			);
			runOnlyForDeploymentPostprocessing = 0;
		};
		CE67E77B2CE3EA9A00E20555 /* Sources */ = {
			isa = PBXSourcesBuildPhase;
			buildActionMask = 2147483647;
			files = (
				CE67E7842CE3EA9A00E20555 /* FetchTakeHomeProjTests.swift in Sources */,
			);
			runOnlyForDeploymentPostprocessing = 0;
		};
		CE67E7852CE3EA9A00E20555 /* Sources */ = {
			isa = PBXSourcesBuildPhase;
			buildActionMask = 2147483647;
			files = (
				CE67E7902CE3EA9A00E20555 /* FetchTakeHomeProjUITestsLaunchTests.swift in Sources */,
				CE67E78E2CE3EA9A00E20555 /* FetchTakeHomeProjUITests.swift in Sources */,
			);
			runOnlyForDeploymentPostprocessing = 0;
		};
/* End PBXSourcesBuildPhase section */

/* Begin PBXTargetDependency section */
		CE67E7812CE3EA9A00E20555 /* PBXTargetDependency */ = {
			isa = PBXTargetDependency;
			target = CE67E76E2CE3EA9700E20555 /* FetchTakeHomeProj */;
			targetProxy = CE67E7802CE3EA9A00E20555 /* PBXContainerItemProxy */;
		};
		CE67E78B2CE3EA9A00E20555 /* PBXTargetDependency */ = {
			isa = PBXTargetDependency;
			target = CE67E76E2CE3EA9700E20555 /* FetchTakeHomeProj */;
			targetProxy = CE67E78A2CE3EA9A00E20555 /* PBXContainerItemProxy */;
		};
/* End PBXTargetDependency section */

/* Begin XCBuildConfiguration section */
		CE67E7912CE3EA9A00E20555 /* Debug */ = {
			isa = XCBuildConfiguration;
			buildSettings = {
				ALWAYS_SEARCH_USER_PATHS = NO;
				ASSETCATALOG_COMPILER_GENERATE_SWIFT_ASSET_SYMBOL_EXTENSIONS = YES;
				CLANG_ANALYZER_NONNULL = YES;
				CLANG_ANALYZER_NUMBER_OBJECT_CONVERSION = YES_AGGRESSIVE;
				CLANG_CXX_LANGUAGE_STANDARD = "gnu++20";
				CLANG_ENABLE_MODULES = YES;
				CLANG_ENABLE_OBJC_ARC = YES;
				CLANG_ENABLE_OBJC_WEAK = YES;
				CLANG_WARN_BLOCK_CAPTURE_AUTORELEASING = YES;
				CLANG_WARN_BOOL_CONVERSION = YES;
				CLANG_WARN_COMMA = YES;
				CLANG_WARN_CONSTANT_CONVERSION = YES;
				CLANG_WARN_DEPRECATED_OBJC_IMPLEMENTATIONS = YES;
				CLANG_WARN_DIRECT_OBJC_ISA_USAGE = YES_ERROR;
				CLANG_WARN_DOCUMENTATION_COMMENTS = YES;
				CLANG_WARN_EMPTY_BODY = YES;
				CLANG_WARN_ENUM_CONVERSION = YES;
				CLANG_WARN_INFINITE_RECURSION = YES;
				CLANG_WARN_INT_CONVERSION = YES;
				CLANG_WARN_NON_LITERAL_NULL_CONVERSION = YES;
				CLANG_WARN_OBJC_IMPLICIT_RETAIN_SELF = YES;
				CLANG_WARN_OBJC_LITERAL_CONVERSION = YES;
				CLANG_WARN_OBJC_ROOT_CLASS = YES_ERROR;
				CLANG_WARN_QUOTED_INCLUDE_IN_FRAMEWORK_HEADER = YES;
				CLANG_WARN_RANGE_LOOP_ANALYSIS = YES;
				CLANG_WARN_STRICT_PROTOTYPES = YES;
				CLANG_WARN_SUSPICIOUS_MOVE = YES;
				CLANG_WARN_UNGUARDED_AVAILABILITY = YES_AGGRESSIVE;
				CLANG_WARN_UNREACHABLE_CODE = YES;
				CLANG_WARN__DUPLICATE_METHOD_MATCH = YES;
				COPY_PHASE_STRIP = NO;
				DEBUG_INFORMATION_FORMAT = dwarf;
				ENABLE_STRICT_OBJC_MSGSEND = YES;
				ENABLE_TESTABILITY = YES;
				ENABLE_USER_SCRIPT_SANDBOXING = YES;
				GCC_C_LANGUAGE_STANDARD = gnu17;
				GCC_DYNAMIC_NO_PIC = NO;
				GCC_NO_COMMON_BLOCKS = YES;
				GCC_OPTIMIZATION_LEVEL = 0;
				GCC_PREPROCESSOR_DEFINITIONS = (
					"DEBUG=1",
					"$(inherited)",
				);
				GCC_WARN_64_TO_32_BIT_CONVERSION = YES;
				GCC_WARN_ABOUT_RETURN_TYPE = YES_ERROR;
				GCC_WARN_UNDECLARED_SELECTOR = YES;
				GCC_WARN_UNINITIALIZED_AUTOS = YES_AGGRESSIVE;
				GCC_WARN_UNUSED_FUNCTION = YES;
				GCC_WARN_UNUSED_VARIABLE = YES;
				IPHONEOS_DEPLOYMENT_TARGET = 17.5;
				LOCALIZATION_PREFERS_STRING_CATALOGS = YES;
				MTL_ENABLE_DEBUG_INFO = INCLUDE_SOURCE;
				MTL_FAST_MATH = YES;
				ONLY_ACTIVE_ARCH = YES;
				SDKROOT = iphoneos;
				SWIFT_ACTIVE_COMPILATION_CONDITIONS = "DEBUG $(inherited)";
				SWIFT_OPTIMIZATION_LEVEL = "-Onone";
			};
			name = Debug;
		};
		CE67E7922CE3EA9A00E20555 /* Release */ = {
			isa = XCBuildConfiguration;
			buildSettings = {
				ALWAYS_SEARCH_USER_PATHS = NO;
				ASSETCATALOG_COMPILER_GENERATE_SWIFT_ASSET_SYMBOL_EXTENSIONS = YES;
				CLANG_ANALYZER_NONNULL = YES;
				CLANG_ANALYZER_NUMBER_OBJECT_CONVERSION = YES_AGGRESSIVE;
				CLANG_CXX_LANGUAGE_STANDARD = "gnu++20";
				CLANG_ENABLE_MODULES = YES;
				CLANG_ENABLE_OBJC_ARC = YES;
				CLANG_ENABLE_OBJC_WEAK = YES;
				CLANG_WARN_BLOCK_CAPTURE_AUTORELEASING = YES;
				CLANG_WARN_BOOL_CONVERSION = YES;
				CLANG_WARN_COMMA = YES;
				CLANG_WARN_CONSTANT_CONVERSION = YES;
				CLANG_WARN_DEPRECATED_OBJC_IMPLEMENTATIONS = YES;
				CLANG_WARN_DIRECT_OBJC_ISA_USAGE = YES_ERROR;
				CLANG_WARN_DOCUMENTATION_COMMENTS = YES;
				CLANG_WARN_EMPTY_BODY = YES;
				CLANG_WARN_ENUM_CONVERSION = YES;
				CLANG_WARN_INFINITE_RECURSION = YES;
				CLANG_WARN_INT_CONVERSION = YES;
				CLANG_WARN_NON_LITERAL_NULL_CONVERSION = YES;
				CLANG_WARN_OBJC_IMPLICIT_RETAIN_SELF = YES;
				CLANG_WARN_OBJC_LITERAL_CONVERSION = YES;
				CLANG_WARN_OBJC_ROOT_CLASS = YES_ERROR;
				CLANG_WARN_QUOTED_INCLUDE_IN_FRAMEWORK_HEADER = YES;
				CLANG_WARN_RANGE_LOOP_ANALYSIS = YES;
				CLANG_WARN_STRICT_PROTOTYPES = YES;
				CLANG_WARN_SUSPICIOUS_MOVE = YES;
				CLANG_WARN_UNGUARDED_AVAILABILITY = YES_AGGRESSIVE;
				CLANG_WARN_UNREACHABLE_CODE = YES;
				CLANG_WARN__DUPLICATE_METHOD_MATCH = YES;
				COPY_PHASE_STRIP = NO;
				DEBUG_INFORMATION_FORMAT = "dwarf-with-dsym";
				ENABLE_NS_ASSERTIONS = NO;
				ENABLE_STRICT_OBJC_MSGSEND = YES;
				ENABLE_USER_SCRIPT_SANDBOXING = YES;
				GCC_C_LANGUAGE_STANDARD = gnu17;
				GCC_NO_COMMON_BLOCKS = YES;
				GCC_WARN_64_TO_32_BIT_CONVERSION = YES;
				GCC_WARN_ABOUT_RETURN_TYPE = YES_ERROR;
				GCC_WARN_UNDECLARED_SELECTOR = YES;
				GCC_WARN_UNINITIALIZED_AUTOS = YES_AGGRESSIVE;
				GCC_WARN_UNUSED_FUNCTION = YES;
				GCC_WARN_UNUSED_VARIABLE = YES;
				IPHONEOS_DEPLOYMENT_TARGET = 17.5;
				LOCALIZATION_PREFERS_STRING_CATALOGS = YES;
				MTL_ENABLE_DEBUG_INFO = NO;
				MTL_FAST_MATH = YES;
				SDKROOT = iphoneos;
				SWIFT_COMPILATION_MODE = wholemodule;
				VALIDATE_PRODUCT = YES;
			};
			name = Release;
		};
		CE67E7942CE3EA9A00E20555 /* Debug */ = {
			isa = XCBuildConfiguration;
			buildSettings = {
				ASSETCATALOG_COMPILER_APPICON_NAME = AppIcon;
				ASSETCATALOG_COMPILER_GLOBAL_ACCENT_COLOR_NAME = AccentColor;
				CODE_SIGN_STYLE = Automatic;
				CURRENT_PROJECT_VERSION = 1;
				DEVELOPMENT_ASSET_PATHS = "\"FetchTakeHomeProj/Preview Content\"";
				DEVELOPMENT_TEAM = 4RFBW7F5HY;
				ENABLE_PREVIEWS = YES;
				GENERATE_INFOPLIST_FILE = YES;
				INFOPLIST_KEY_UIApplicationSceneManifest_Generation = YES;
				INFOPLIST_KEY_UIApplicationSupportsIndirectInputEvents = YES;
				INFOPLIST_KEY_UILaunchScreen_Generation = YES;
				INFOPLIST_KEY_UISupportedInterfaceOrientations_iPad = "UIInterfaceOrientationPortrait UIInterfaceOrientationPortraitUpsideDown UIInterfaceOrientationLandscapeLeft UIInterfaceOrientationLandscapeRight";
				INFOPLIST_KEY_UISupportedInterfaceOrientations_iPhone = "UIInterfaceOrientationPortrait UIInterfaceOrientationLandscapeLeft UIInterfaceOrientationLandscapeRight";
				LD_RUNPATH_SEARCH_PATHS = (
					"$(inherited)",
					"@executable_path/Frameworks",
				);
				MARKETING_VERSION = 1.0;
				PRODUCT_BUNDLE_IDENTIFIER = com.sadev.FetchTakeHomeProj;
				PRODUCT_NAME = "$(TARGET_NAME)";
				SWIFT_EMIT_LOC_STRINGS = YES;
				SWIFT_VERSION = 5.0;
				TARGETED_DEVICE_FAMILY = "1,2";
			};
			name = Debug;
		};
		CE67E7952CE3EA9A00E20555 /* Release */ = {
			isa = XCBuildConfiguration;
			buildSettings = {
				ASSETCATALOG_COMPILER_APPICON_NAME = AppIcon;
				ASSETCATALOG_COMPILER_GLOBAL_ACCENT_COLOR_NAME = AccentColor;
				CODE_SIGN_STYLE = Automatic;
				CURRENT_PROJECT_VERSION = 1;
				DEVELOPMENT_ASSET_PATHS = "\"FetchTakeHomeProj/Preview Content\"";
				DEVELOPMENT_TEAM = 4RFBW7F5HY;
				ENABLE_PREVIEWS = YES;
				GENERATE_INFOPLIST_FILE = YES;
				INFOPLIST_KEY_UIApplicationSceneManifest_Generation = YES;
				INFOPLIST_KEY_UIApplicationSupportsIndirectInputEvents = YES;
				INFOPLIST_KEY_UILaunchScreen_Generation = YES;
				INFOPLIST_KEY_UISupportedInterfaceOrientations_iPad = "UIInterfaceOrientationPortrait UIInterfaceOrientationPortraitUpsideDown UIInterfaceOrientationLandscapeLeft UIInterfaceOrientationLandscapeRight";
				INFOPLIST_KEY_UISupportedInterfaceOrientations_iPhone = "UIInterfaceOrientationPortrait UIInterfaceOrientationLandscapeLeft UIInterfaceOrientationLandscapeRight";
				LD_RUNPATH_SEARCH_PATHS = (
					"$(inherited)",
					"@executable_path/Frameworks",
				);
				MARKETING_VERSION = 1.0;
				PRODUCT_BUNDLE_IDENTIFIER = com.sadev.FetchTakeHomeProj;
				PRODUCT_NAME = "$(TARGET_NAME)";
				SWIFT_EMIT_LOC_STRINGS = YES;
				SWIFT_VERSION = 5.0;
				TARGETED_DEVICE_FAMILY = "1,2";
			};
			name = Release;
		};
		CE67E7972CE3EA9A00E20555 /* Debug */ = {
			isa = XCBuildConfiguration;
			buildSettings = {
				ALWAYS_EMBED_SWIFT_STANDARD_LIBRARIES = YES;
				BUNDLE_LOADER = "$(TEST_HOST)";
				CODE_SIGN_STYLE = Automatic;
				CURRENT_PROJECT_VERSION = 1;
				DEVELOPMENT_TEAM = 4RFBW7F5HY;
				GENERATE_INFOPLIST_FILE = YES;
				IPHONEOS_DEPLOYMENT_TARGET = 17.5;
				MARKETING_VERSION = 1.0;
				PRODUCT_BUNDLE_IDENTIFIER = com.sadev.FetchTakeHomeProjTests;
				PRODUCT_NAME = "$(TARGET_NAME)";
				SWIFT_EMIT_LOC_STRINGS = NO;
				SWIFT_VERSION = 5.0;
				TARGETED_DEVICE_FAMILY = "1,2";
				TEST_HOST = "$(BUILT_PRODUCTS_DIR)/FetchTakeHomeProj.app/$(BUNDLE_EXECUTABLE_FOLDER_PATH)/FetchTakeHomeProj";
			};
			name = Debug;
		};
		CE67E7982CE3EA9A00E20555 /* Release */ = {
			isa = XCBuildConfiguration;
			buildSettings = {
				ALWAYS_EMBED_SWIFT_STANDARD_LIBRARIES = YES;
				BUNDLE_LOADER = "$(TEST_HOST)";
				CODE_SIGN_STYLE = Automatic;
				CURRENT_PROJECT_VERSION = 1;
				DEVELOPMENT_TEAM = 4RFBW7F5HY;
				GENERATE_INFOPLIST_FILE = YES;
				IPHONEOS_DEPLOYMENT_TARGET = 17.5;
				MARKETING_VERSION = 1.0;
				PRODUCT_BUNDLE_IDENTIFIER = com.sadev.FetchTakeHomeProjTests;
				PRODUCT_NAME = "$(TARGET_NAME)";
				SWIFT_EMIT_LOC_STRINGS = NO;
				SWIFT_VERSION = 5.0;
				TARGETED_DEVICE_FAMILY = "1,2";
				TEST_HOST = "$(BUILT_PRODUCTS_DIR)/FetchTakeHomeProj.app/$(BUNDLE_EXECUTABLE_FOLDER_PATH)/FetchTakeHomeProj";
			};
			name = Release;
		};
		CE67E79A2CE3EA9A00E20555 /* Debug */ = {
			isa = XCBuildConfiguration;
			buildSettings = {
				ALWAYS_EMBED_SWIFT_STANDARD_LIBRARIES = YES;
				CODE_SIGN_STYLE = Automatic;
				CURRENT_PROJECT_VERSION = 1;
				DEVELOPMENT_TEAM = 4RFBW7F5HY;
				GENERATE_INFOPLIST_FILE = YES;
				MARKETING_VERSION = 1.0;
				PRODUCT_BUNDLE_IDENTIFIER = com.sadev.FetchTakeHomeProjUITests;
				PRODUCT_NAME = "$(TARGET_NAME)";
				SWIFT_EMIT_LOC_STRINGS = NO;
				SWIFT_VERSION = 5.0;
				TARGETED_DEVICE_FAMILY = "1,2";
				TEST_TARGET_NAME = FetchTakeHomeProj;
			};
			name = Debug;
		};
		CE67E79B2CE3EA9A00E20555 /* Release */ = {
			isa = XCBuildConfiguration;
			buildSettings = {
				ALWAYS_EMBED_SWIFT_STANDARD_LIBRARIES = YES;
				CODE_SIGN_STYLE = Automatic;
				CURRENT_PROJECT_VERSION = 1;
				DEVELOPMENT_TEAM = 4RFBW7F5HY;
				GENERATE_INFOPLIST_FILE = YES;
				MARKETING_VERSION = 1.0;
				PRODUCT_BUNDLE_IDENTIFIER = com.sadev.FetchTakeHomeProjUITests;
				PRODUCT_NAME = "$(TARGET_NAME)";
				SWIFT_EMIT_LOC_STRINGS = NO;
				SWIFT_VERSION = 5.0;
				TARGETED_DEVICE_FAMILY = "1,2";
				TEST_TARGET_NAME = FetchTakeHomeProj;
			};
			name = Release;
		};
/* End XCBuildConfiguration section */

/* Begin XCConfigurationList section */
		CE67E76A2CE3EA9700E20555 /* Build configuration list for PBXProject "FetchTakeHomeProj" */ = {
			isa = XCConfigurationList;
			buildConfigurations = (
				CE67E7912CE3EA9A00E20555 /* Debug */,
				CE67E7922CE3EA9A00E20555 /* Release */,
			);
			defaultConfigurationIsVisible = 0;
			defaultConfigurationName = Release;
		};
		CE67E7932CE3EA9A00E20555 /* Build configuration list for PBXNativeTarget "FetchTakeHomeProj" */ = {
			isa = XCConfigurationList;
			buildConfigurations = (
				CE67E7942CE3EA9A00E20555 /* Debug */,
				CE67E7952CE3EA9A00E20555 /* Release */,
			);
			defaultConfigurationIsVisible = 0;
			defaultConfigurationName = Release;
		};
		CE67E7962CE3EA9A00E20555 /* Build configuration list for PBXNativeTarget "FetchTakeHomeProjTests" */ = {
			isa = XCConfigurationList;
			buildConfigurations = (
				CE67E7972CE3EA9A00E20555 /* Debug */,
				CE67E7982CE3EA9A00E20555 /* Release */,
			);
			defaultConfigurationIsVisible = 0;
			defaultConfigurationName = Release;
		};
		CE67E7992CE3EA9A00E20555 /* Build configuration list for PBXNativeTarget "FetchTakeHomeProjUITests" */ = {
			isa = XCConfigurationList;
			buildConfigurations = (
				CE67E79A2CE3EA9A00E20555 /* Debug */,
				CE67E79B2CE3EA9A00E20555 /* Release */,
			);
			defaultConfigurationIsVisible = 0;
			defaultConfigurationName = Release;
		};
/* End XCConfigurationList section */
	};
	rootObject = CE67E7672CE3EA9700E20555 /* Project object */;
}
